
Microsoft Visual Studio Solution File, Format Version 12.00
# Visual Studio Version 17
VisualStudioVersion = 17.13.35818.85 d17.13
MinimumVisualStudioVersion = 10.0.40219.1
Project("{FAE04EC0-301F-11D3-BF4B-00C04F79EFBC}") = "SchoolManagementSystem", "SchoolManagementSystem.csproj", "{40D64FD6-0C75-433C-BEBA-95393BE62E76}"
EndProject
Global
	GlobalSection(SolutionConfigurationPlatforms) = preSolution
		Debug|Any CPU = Debug|Any CPU
		Release|Any CPU = Release|Any CPU
	EndGlobalSection
	GlobalSection(ProjectConfigurationPlatforms) = postSolution
		{40D64FD6-0C75-433C-BEBA-95393BE62E76}.Debug|Any CPU.ActiveCfg = Debug|Any CPU
		{40D64FD6-0C75-433C-BEBA-95393BE62E76}.Debug|Any CPU.Build.0 = Debug|Any CPU
		{40D64FD6-0C75-433C-BEBA-95393BE62E76}.Release|Any CPU.ActiveCfg = Release|Any CPU
		{40D64FD6-0C75-433C-BEBA-95393BE62E76}.Release|Any CPU.Build.0 = Release|Any CPU
	EndGlobalSection
	GlobalSection(SolutionProperties) = preSolution
		HideSolutionNode = FALSE
	EndGlobalSection
	GlobalSection(ExtensibilityGlobals) = postSolution
		SolutionGuid = {5105D913-C245-4C09-B5FA-F7BEA63E59EE}
	EndGlobalSection
EndGlobal
